
Microsoft Visual Studio Solution File, Format Version 12.00
# Visual Studio Version 17
VisualStudioVersion = 17.12.35527.113 d17.12
MinimumVisualStudioVersion = 10.0.40219.1
Project("{FAE04EC0-301F-11D3-BF4B-00C04F79EFBC}") = "Observer", "Observer\Observer.csproj", "{CECB6362-D4BE-42CA-BFC8-B5E11B6CB51A}"
EndProject
Project("{FAE04EC0-301F-11D3-BF4B-00C04F79EFBC}") = "GameEngine", "GameEngine\GameEngine.csproj", "{FC66492C-E25F-4BC7-8B6F-B413A43F0AA6}"
EndProject
Global
	GlobalSection(SolutionConfigurationPlatforms) = preSolution
		Debug|Any CPU = Debug|Any CPU
		Release|Any CPU = Release|Any CPU
	EndGlobalSection
	GlobalSection(ProjectConfigurationPlatforms) = postSolution
		{CECB6362-D4BE-42CA-BFC8-B5E11B6CB51A}.Debug|Any CPU.ActiveCfg = Debug|Any CPU
		{CECB6362-D4BE-42CA-BFC8-B5E11B6CB51A}.Debug|Any CPU.Build.0 = Debug|Any CPU
		{CECB6362-D4BE-42CA-BFC8-B5E11B6CB51A}.Release|Any CPU.ActiveCfg = Release|Any CPU
		{CECB6362-D4BE-42CA-BFC8-B5E11B6CB51A}.Release|Any CPU.Build.0 = Release|Any CPU
		{FC66492C-E25F-4BC7-8B6F-B413A43F0AA6}.Debug|Any CPU.ActiveCfg = Debug|Any CPU
		{FC66492C-E25F-4BC7-8B6F-B413A43F0AA6}.Debug|Any CPU.Build.0 = Debug|Any CPU
		{FC66492C-E25F-4BC7-8B6F-B413A43F0AA6}.Release|Any CPU.ActiveCfg = Release|Any CPU
		{FC66492C-E25F-4BC7-8B6F-B413A43F0AA6}.Release|Any CPU.Build.0 = Release|Any CPU
	EndGlobalSection
	GlobalSection(SolutionProperties) = preSolution
		HideSolutionNode = FALSE
	EndGlobalSection
EndGlobal
